
Microsoft Visual Studio Solution File, Format Version 12.00
# Visual Studio Version 16
VisualStudioVersion = 25.0.1700.7
MinimumVisualStudioVersion = 10.0.40219.1
Project("{FAE04EC0-301F-11D3-BF4B-00C04F79EFBC}") = "ejercicios7_8_9", "ejercicios7_8_9\ejercicios7_8_9.csproj", "{C2E9BA39-04BE-41F6-B45C-8F2379E3B3AA}"
EndProject
Global
	GlobalSection(SolutionConfigurationPlatforms) = preSolution
		Debug|Any CPU = Debug|Any CPU
		Release|Any CPU = Release|Any CPU
	EndGlobalSection
	GlobalSection(ProjectConfigurationPlatforms) = postSolution
		{C2E9BA39-04BE-41F6-B45C-8F2379E3B3AA}.Debug|Any CPU.ActiveCfg = Debug|Any CPU
		{C2E9BA39-04BE-41F6-B45C-8F2379E3B3AA}.Debug|Any CPU.Build.0 = Debug|Any CPU
		{C2E9BA39-04BE-41F6-B45C-8F2379E3B3AA}.Release|Any CPU.ActiveCfg = Release|Any CPU
		{C2E9BA39-04BE-41F6-B45C-8F2379E3B3AA}.Release|Any CPU.Build.0 = Release|Any CPU
	EndGlobalSection
	GlobalSection(SolutionProperties) = preSolution
		HideSolutionNode = FALSE
	EndGlobalSection
	GlobalSection(ExtensibilityGlobals) = postSolution
		SolutionGuid = {0677A8B8-DE4E-4F0D-85E5-D71E36073DED}
	EndGlobalSection
EndGlobal
