
Microsoft Visual Studio Solution File, Format Version 12.00
# Visual Studio Version 16
VisualStudioVersion = 25.0.1700.7
MinimumVisualStudioVersion = 10.0.40219.1
Project("{FAE04EC0-301F-11D3-BF4B-00C04F79EFBC}") = "ejercicio6", "ejercicio6\ejercicio6.csproj", "{D629D6A0-4FD7-491C-83CF-5D8DB85C6EE6}"
EndProject
Project("{2150E333-8FDC-42A3-9474-1A3956D46DE8}") = "Elementos de la solución", "Elementos de la solución", "{4259B30E-F3DA-435F-8F1A-BC2E573E8D0A}"
	ProjectSection(SolutionItems) = preProject
		.editorconfig = .editorconfig
	EndProjectSection
EndProject
Global
	GlobalSection(SolutionConfigurationPlatforms) = preSolution
		Debug|Any CPU = Debug|Any CPU
		Release|Any CPU = Release|Any CPU
	EndGlobalSection
	GlobalSection(ProjectConfigurationPlatforms) = postSolution
		{D629D6A0-4FD7-491C-83CF-5D8DB85C6EE6}.Debug|Any CPU.ActiveCfg = Debug|Any CPU
		{D629D6A0-4FD7-491C-83CF-5D8DB85C6EE6}.Debug|Any CPU.Build.0 = Debug|Any CPU
		{D629D6A0-4FD7-491C-83CF-5D8DB85C6EE6}.Release|Any CPU.ActiveCfg = Release|Any CPU
		{D629D6A0-4FD7-491C-83CF-5D8DB85C6EE6}.Release|Any CPU.Build.0 = Release|Any CPU
	EndGlobalSection
	GlobalSection(SolutionProperties) = preSolution
		HideSolutionNode = FALSE
	EndGlobalSection
	GlobalSection(ExtensibilityGlobals) = postSolution
		SolutionGuid = {F3D5B2E1-BB4F-49C7-B470-7F3977836A49}
	EndGlobalSection
EndGlobal
